
Microsoft Visual Studio Solution File, Format Version 12.00
# Visual Studio Version 16
VisualStudioVersion = 16.0.31613.86
MinimumVisualStudioVersion = 10.0.40219.1
Project("{FAE04EC0-301F-11D3-BF4B-00C04F79EFBC}") = "battle_ship", "battle_ship\battle_ship.csproj", "{BB89E414-5414-4C33-B334-76D6368765B2}"
EndProject
Global
	GlobalSection(SolutionConfigurationPlatforms) = preSolution
		Debug|Any CPU = Debug|Any CPU
		Release|Any CPU = Release|Any CPU
	EndGlobalSection
	GlobalSection(ProjectConfigurationPlatforms) = postSolution
		{BB89E414-5414-4C33-B334-76D6368765B2}.Debug|Any CPU.ActiveCfg = Debug|Any CPU
		{BB89E414-5414-4C33-B334-76D6368765B2}.Debug|Any CPU.Build.0 = Debug|Any CPU
		{BB89E414-5414-4C33-B334-76D6368765B2}.Release|Any CPU.ActiveCfg = Release|Any CPU
		{BB89E414-5414-4C33-B334-76D6368765B2}.Release|Any CPU.Build.0 = Release|Any CPU
	EndGlobalSection
	GlobalSection(SolutionProperties) = preSolution
		HideSolutionNode = FALSE
	EndGlobalSection
	GlobalSection(ExtensibilityGlobals) = postSolution
		SolutionGuid = {D45F2079-20A8-44BB-B7CC-63E4E4F97F59}
	EndGlobalSection
EndGlobal
